
Microsoft Visual Studio Solution File, Format Version 12.00
# Visual Studio Version 17
VisualStudioVersion = 17.0.32112.339
MinimumVisualStudioVersion = 10.0.40219.1
Project("{FAE04EC0-301F-11D3-BF4B-00C04F79EFBC}") = "Assessment1", "Assessment1\Assessment1.csproj", "{C10C723B-7A20-4E33-AFCF-99D0BAC4B296}"
EndProject
Global
	GlobalSection(SolutionConfigurationPlatforms) = preSolution
		Debug|Any CPU = Debug|Any CPU
		Release|Any CPU = Release|Any CPU
	EndGlobalSection
	GlobalSection(ProjectConfigurationPlatforms) = postSolution
		{C10C723B-7A20-4E33-AFCF-99D0BAC4B296}.Debug|Any CPU.ActiveCfg = Debug|Any CPU
		{C10C723B-7A20-4E33-AFCF-99D0BAC4B296}.Debug|Any CPU.Build.0 = Debug|Any CPU
		{C10C723B-7A20-4E33-AFCF-99D0BAC4B296}.Release|Any CPU.ActiveCfg = Release|Any CPU
		{C10C723B-7A20-4E33-AFCF-99D0BAC4B296}.Release|Any CPU.Build.0 = Release|Any CPU
	EndGlobalSection
	GlobalSection(SolutionProperties) = preSolution
		HideSolutionNode = FALSE
	EndGlobalSection
	GlobalSection(ExtensibilityGlobals) = postSolution
		SolutionGuid = {FBF65999-9851-4556-A734-67D7BA4F456E}
	EndGlobalSection
EndGlobal
