
Microsoft Visual Studio Solution File, Format Version 12.00
# Visual Studio Version 17
VisualStudioVersion = 17.0.32112.339
MinimumVisualStudioVersion = 10.0.40219.1
Project("{FAE04EC0-301F-11D3-BF4B-00C04F79EFBC}") = "Practice1", "Practice1\Practice1.csproj", "{FB885F8C-3EB4-43F9-A860-27CBB5241689}"
EndProject
Global
	GlobalSection(SolutionConfigurationPlatforms) = preSolution
		Debug|Any CPU = Debug|Any CPU
		Release|Any CPU = Release|Any CPU
	EndGlobalSection
	GlobalSection(ProjectConfigurationPlatforms) = postSolution
		{FB885F8C-3EB4-43F9-A860-27CBB5241689}.Debug|Any CPU.ActiveCfg = Debug|Any CPU
		{FB885F8C-3EB4-43F9-A860-27CBB5241689}.Debug|Any CPU.Build.0 = Debug|Any CPU
		{FB885F8C-3EB4-43F9-A860-27CBB5241689}.Release|Any CPU.ActiveCfg = Release|Any CPU
		{FB885F8C-3EB4-43F9-A860-27CBB5241689}.Release|Any CPU.Build.0 = Release|Any CPU
	EndGlobalSection
	GlobalSection(SolutionProperties) = preSolution
		HideSolutionNode = FALSE
	EndGlobalSection
	GlobalSection(ExtensibilityGlobals) = postSolution
		SolutionGuid = {4DE6B634-26C0-432C-B1FA-9548193D1E3D}
	EndGlobalSection
EndGlobal
